// !$*UTF8*$!
{
	archiveVersion = 1;
	classes = {
	};
	objectVersion = 46;
	objects = {

/* Begin PBXBuildFile section */
		00493DE81F205CBA00A17495 /* Menu2.m in Sources */ = {isa = PBXBuildFile; fileRef = 00493DE71F205CBA00A17495 /* Menu2.m */; };
		00493DEB1F205E5800A17495 /* Menu3.m in Sources */ = {isa = PBXBuildFile; fileRef = 00493DEA1F205E5800A17495 /* Menu3.m */; };
		00E4128C1F1F7BBD00D20E0A /* main.m in Sources */ = {isa = PBXBuildFile; fileRef = 00E4128B1F1F7BBD00D20E0A /* main.m */; };
		00E4128F1F1F7BBD00D20E0A /* AppDelegate.m in Sources */ = {isa = PBXBuildFile; fileRef = 00E4128E1F1F7BBD00D20E0A /* AppDelegate.m */; };
		00E412921F1F7BBD00D20E0A /* ViewController.m in Sources */ = {isa = PBXBuildFile; fileRef = 00E412911F1F7BBD00D20E0A /* ViewController.m */; };
		00E412951F1F7BBD00D20E0A /* Main.storyboard in Resources */ = {isa = PBXBuildFile; fileRef = 00E412931F1F7BBD00D20E0A /* Main.storyboard */; };
		00E412971F1F7BBD00D20E0A /* Assets.xcassets in Resources */ = {isa = PBXBuildFile; fileRef = 00E412961F1F7BBD00D20E0A /* Assets.xcassets */; };
		00E4129A1F1F7BBD00D20E0A /* LaunchScreen.storyboard in Resources */ = {isa = PBXBuildFile; fileRef = 00E412981F1F7BBD00D20E0A /* LaunchScreen.storyboard */; };
		A55319E13A139E3F0A165312 /* libPods-HSArrowMenuDemo.a in Frameworks */ = {isa = PBXBuildFile; fileRef = C966C7C079A46646F8531256 /* libPods-HSArrowMenuDemo.a */; };
/* End PBXBuildFile section */

/* Begin PBXFileReference section */
		00493DE61F205CBA00A17495 /* Menu2.h */ = {isa = PBXFileReference; fileEncoding = 4; lastKnownFileType = sourcecode.c.h; path = Menu2.h; sourceTree = "<group>"; };
		00493DE71F205CBA00A17495 /* Menu2.m */ = {isa = PBXFileReference; fileEncoding = 4; lastKnownFileType = sourcecode.c.objc; path = Menu2.m; sourceTree = "<group>"; };
		00493DE91F205E5800A17495 /* Menu3.h */ = {isa = PBXFileReference; fileEncoding = 4; lastKnownFileType = sourcecode.c.h; path = Menu3.h; sourceTree = "<group>"; };
		00493DEA1F205E5800A17495 /* Menu3.m */ = {isa = PBXFileReference; fileEncoding = 4; lastKnownFileType = sourcecode.c.objc; path = Menu3.m; sourceTree = "<group>"; };
		00E412871F1F7BBD00D20E0A /* HSArrowMenuDemo.app */ = {isa = PBXFileReference; explicitFileType = wrapper.application; includeInIndex = 0; path = HSArrowMenuDemo.app; sourceTree = BUILT_PRODUCTS_DIR; };
		00E4128B1F1F7BBD00D20E0A /* main.m */ = {isa = PBXFileReference; lastKnownFileType = sourcecode.c.objc; path = main.m; sourceTree = "<group>"; };
		00E4128D1F1F7BBD00D20E0A /* AppDelegate.h */ = {isa = PBXFileReference; lastKnownFileType = sourcecode.c.h; path = AppDelegate.h; sourceTree = "<group>"; };
		00E4128E1F1F7BBD00D20E0A /* AppDelegate.m */ = {isa = PBXFileReference; lastKnownFileType = sourcecode.c.objc; path = AppDelegate.m; sourceTree = "<group>"; };
		00E412901F1F7BBD00D20E0A /* ViewController.h */ = {isa = PBXFileReference; lastKnownFileType = sourcecode.c.h; path = ViewController.h; sourceTree = "<group>"; };
		00E412911F1F7BBD00D20E0A /* ViewController.m */ = {isa = PBXFileReference; lastKnownFileType = sourcecode.c.objc; path = ViewController.m; sourceTree = "<group>"; };
		00E412941F1F7BBD00D20E0A /* Base */ = {isa = PBXFileReference; lastKnownFileType = file.storyboard; name = Base; path = Base.lproj/Main.storyboard; sourceTree = "<group>"; };
		00E412961F1F7BBD00D20E0A /* Assets.xcassets */ = {isa = PBXFileReference; lastKnownFileType = folder.assetcatalog; path = Assets.xcassets; sourceTree = "<group>"; };
		00E412991F1F7BBD00D20E0A /* Base */ = {isa = PBXFileReference; lastKnownFileType = file.storyboard; name = Base; path = Base.lproj/LaunchScreen.storyboard; sourceTree = "<group>"; };
		00E4129B1F1F7BBD00D20E0A /* Info.plist */ = {isa = PBXFileReference; lastKnownFileType = text.plist.xml; path = Info.plist; sourceTree = "<group>"; };
		B792CFE916300DF8E814596E /* Pods-HSArrowMenuDemo.debug.xcconfig */ = {isa = PBXFileReference; includeInIndex = 1; lastKnownFileType = text.xcconfig; name = "Pods-HSArrowMenuDemo.debug.xcconfig"; path = "Pods/Target Support Files/Pods-HSArrowMenuDemo/Pods-HSArrowMenuDemo.debug.xcconfig"; sourceTree = "<group>"; };
		C966C7C079A46646F8531256 /* libPods-HSArrowMenuDemo.a */ = {isa = PBXFileReference; explicitFileType = archive.ar; includeInIndex = 0; path = "libPods-HSArrowMenuDemo.a"; sourceTree = BUILT_PRODUCTS_DIR; };
		E93C4C1FDB8D2990912A1EFB /* Pods-HSArrowMenuDemo.release.xcconfig */ = {isa = PBXFileReference; includeInIndex = 1; lastKnownFileType = text.xcconfig; name = "Pods-HSArrowMenuDemo.release.xcconfig"; path = "Pods/Target Support Files/Pods-HSArrowMenuDemo/Pods-HSArrowMenuDemo.release.xcconfig"; sourceTree = "<group>"; };
/* End PBXFileReference section */

/* Begin PBXFrameworksBuildPhase section */
		00E412841F1F7BBD00D20E0A /* Frameworks */ = {
			isa = PBXFrameworksBuildPhase;
			buildActionMask = 2147483647;
			files = (
				A55319E13A139E3F0A165312 /* libPods-HSArrowMenuDemo.a in Frameworks */,
			);
			runOnlyForDeploymentPostprocessing = 0;
		};
/* End PBXFrameworksBuildPhase section */

/* Begin PBXGroup section */
		00E4127E1F1F7BBD00D20E0A = {
			isa = PBXGroup;
			children = (
				00E412891F1F7BBD00D20E0A /* HSArrowMenuDemo */,
				00E412881F1F7BBD00D20E0A /* Products */,
				32410DF6644EB2AE7CE20060 /* Pods */,
				2716F18F7258B61ACEFFEB0A /* Frameworks */,
			);
			sourceTree = "<group>";
		};
		00E412881F1F7BBD00D20E0A /* Products */ = {
			isa = PBXGroup;
			children = (
				00E412871F1F7BBD00D20E0A /* HSArrowMenuDemo.app */,
			);
			name = Products;
			sourceTree = "<group>";
		};
		00E412891F1F7BBD00D20E0A /* HSArrowMenuDemo */ = {
			isa = PBXGroup;
			children = (
				00E4128D1F1F7BBD00D20E0A /* AppDelegate.h */,
				00E4128E1F1F7BBD00D20E0A /* AppDelegate.m */,
				00E412901F1F7BBD00D20E0A /* ViewController.h */,
				00E412911F1F7BBD00D20E0A /* ViewController.m */,
				00493DE61F205CBA00A17495 /* Menu2.h */,
				00493DE71F205CBA00A17495 /* Menu2.m */,
				00493DE91F205E5800A17495 /* Menu3.h */,
				00493DEA1F205E5800A17495 /* Menu3.m */,
				00E412931F1F7BBD00D20E0A /* Main.storyboard */,
				00E412961F1F7BBD00D20E0A /* Assets.xcassets */,
				00E412981F1F7BBD00D20E0A /* LaunchScreen.storyboard */,
				00E4129B1F1F7BBD00D20E0A /* Info.plist */,
				00E4128A1F1F7BBD00D20E0A /* Supporting Files */,
			);
			path = HSArrowMenuDemo;
			sourceTree = "<group>";
		};
		00E4128A1F1F7BBD00D20E0A /* Supporting Files */ = {
			isa = PBXGroup;
			children = (
				00E4128B1F1F7BBD00D20E0A /* main.m */,
			);
			name = "Supporting Files";
			sourceTree = "<group>";
		};
		2716F18F7258B61ACEFFEB0A /* Frameworks */ = {
			isa = PBXGroup;
			children = (
				C966C7C079A46646F8531256 /* libPods-HSArrowMenuDemo.a */,
			);
			name = Frameworks;
			sourceTree = "<group>";
		};
		32410DF6644EB2AE7CE20060 /* Pods */ = {
			isa = PBXGroup;
			children = (
				B792CFE916300DF8E814596E /* Pods-HSArrowMenuDemo.debug.xcconfig */,
				E93C4C1FDB8D2990912A1EFB /* Pods-HSArrowMenuDemo.release.xcconfig */,
			);
			name = Pods;
			sourceTree = "<group>";
		};
/* End PBXGroup section */

/* Begin PBXNativeTarget section */
		00E412861F1F7BBD00D20E0A /* HSArrowMenuDemo */ = {
			isa = PBXNativeTarget;
			buildConfigurationList = 00E4129E1F1F7BBD00D20E0A /* Build configuration list for PBXNativeTarget "HSArrowMenuDemo" */;
			buildPhases = (
				3160AAA92B8DDDD6D8A8BE08 /* [CP] Check Pods Manifest.lock */,
				00E412831F1F7BBD00D20E0A /* Sources */,
				00E412841F1F7BBD00D20E0A /* Frameworks */,
				00E412851F1F7BBD00D20E0A /* Resources */,
				40E2223648207EC2654E49B6 /* [CP] Embed Pods Frameworks */,
				2C9599988DD8F24BADCC75E0 /* [CP] Copy Pods Resources */,
			);
			buildRules = (
			);
			dependencies = (
			);
			name = HSArrowMenuDemo;
			productName = HSArrowMenuDemo;
			productReference = 00E412871F1F7BBD00D20E0A /* HSArrowMenuDemo.app */;
			productType = "com.apple.product-type.application";
		};
/* End PBXNativeTarget section */

/* Begin PBXProject section */
		00E4127F1F1F7BBD00D20E0A /* Project object */ = {
			isa = PBXProject;
			attributes = {
				LastUpgradeCheck = 0830;
				ORGANIZATIONNAME = "cc | ccworld1000@gmail.com";
				TargetAttributes = {
					00E412861F1F7BBD00D20E0A = {
						CreatedOnToolsVersion = 8.3.2;
						ProvisioningStyle = Automatic;
					};
				};
			};
			buildConfigurationList = 00E412821F1F7BBD00D20E0A /* Build configuration list for PBXProject "HSArrowMenuDemo" */;
			compatibilityVersion = "Xcode 3.2";
			developmentRegion = English;
			hasScannedForEncodings = 0;
			knownRegions = (
				en,
				Base,
			);
			mainGroup = 00E4127E1F1F7BBD00D20E0A;
			productRefGroup = 00E412881F1F7BBD00D20E0A /* Products */;
			projectDirPath = "";
			projectRoot = "";
			targets = (
				00E412861F1F7BBD00D20E0A /* HSArrowMenuDemo */,
			);
		};
/* End PBXProject section */

/* Begin PBXResourcesBuildPhase section */
		00E412851F1F7BBD00D20E0A /* Resources */ = {
			isa = PBXResourcesBuildPhase;
			buildActionMask = 2147483647;
			files = (
				00E4129A1F1F7BBD00D20E0A /* LaunchScreen.storyboard in Resources */,
				00E412971F1F7BBD00D20E0A /* Assets.xcassets in Resources */,
				00E412951F1F7BBD00D20E0A /* Main.storyboard in Resources */,
			);
			runOnlyForDeploymentPostprocessing = 0;
		};
/* End PBXResourcesBuildPhase section */

/* Begin PBXShellScriptBuildPhase section */
		2C9599988DD8F24BADCC75E0 /* [CP] Copy Pods Resources */ = {
			isa = PBXShellScriptBuildPhase;
			buildActionMask = 2147483647;
			files = (
			);
			inputPaths = (
			);
			name = "[CP] Copy Pods Resources";
			outputPaths = (
			);
			runOnlyForDeploymentPostprocessing = 0;
			shellPath = /bin/sh;
			shellScript = "\"${SRCROOT}/Pods/Target Support Files/Pods-HSArrowMenuDemo/Pods-HSArrowMenuDemo-resources.sh\"\n";
			showEnvVarsInLog = 0;
		};
		3160AAA92B8DDDD6D8A8BE08 /* [CP] Check Pods Manifest.lock */ = {
			isa = PBXShellScriptBuildPhase;
			buildActionMask = 2147483647;
			files = (
			);
			inputPaths = (
			);
			name = "[CP] Check Pods Manifest.lock";
			outputPaths = (
			);
			runOnlyForDeploymentPostprocessing = 0;
			shellPath = /bin/sh;
			shellScript = "diff \"${PODS_ROOT}/../Podfile.lock\" \"${PODS_ROOT}/Manifest.lock\" > /dev/null\nif [ $? != 0 ] ; then\n    # print error to STDERR\n    echo \"error: The sandbox is not in sync with the Podfile.lock. Run 'pod install' or update your CocoaPods installation.\" >&2\n    exit 1\nfi\n";
			showEnvVarsInLog = 0;
		};
		40E2223648207EC2654E49B6 /* [CP] Embed Pods Frameworks */ = {
			isa = PBXShellScriptBuildPhase;
			buildActionMask = 2147483647;
			files = (
			);
			inputPaths = (
			);
			name = "[CP] Embed Pods Frameworks";
			outputPaths = (
			);
			runOnlyForDeploymentPostprocessing = 0;
			shellPath = /bin/sh;
			shellScript = "\"${SRCROOT}/Pods/Target Support Files/Pods-HSArrowMenuDemo/Pods-HSArrowMenuDemo-frameworks.sh\"\n";
			showEnvVarsInLog = 0;
		};
/* End PBXShellScriptBuildPhase section */

/* Begin PBXSourcesBuildPhase section */
		00E412831F1F7BBD00D20E0A /* Sources */ = {
			isa = PBXSourcesBuildPhase;
			buildActionMask = 2147483647;
			files = (
				00E412921F1F7BBD00D20E0A /* ViewController.m in Sources */,
				00493DE81F205CBA00A17495 /* Menu2.m in Sources */,
				00E4128F1F1F7BBD00D20E0A /* AppDelegate.m in Sources */,
				00E4128C1F1F7BBD00D20E0A /* main.m in Sources */,
				00493DEB1F205E5800A17495 /* Menu3.m in Sources */,
			);
			runOnlyForDeploymentPostprocessing = 0;
		};
/* End PBXSourcesBuildPhase section */

/* Begin PBXVariantGroup section */
		00E412931F1F7BBD00D20E0A /* Main.storyboard */ = {
			isa = PBXVariantGroup;
			children = (
				00E412941F1F7BBD00D20E0A /* Base */,
			);
			name = Main.storyboard;
			sourceTree = "<group>";
		};
		00E412981F1F7BBD00D20E0A /* LaunchScreen.storyboard */ = {
			isa = PBXVariantGroup;
			children = (
				00E412991F1F7BBD00D20E0A /* Base */,
			);
			name = LaunchScreen.storyboard;
			sourceTree = "<group>";
		};
/* End PBXVariantGroup section */

/* Begin XCBuildConfiguration section */
		00E4129C1F1F7BBD00D20E0A /* Debug */ = {
			isa = XCBuildConfiguration;
			buildSettings = {
				ALWAYS_SEARCH_USER_PATHS = NO;
				CLANG_ANALYZER_NONNULL = YES;
				CLANG_ANALYZER_NUMBER_OBJECT_CONVERSION = YES_AGGRESSIVE;
				CLANG_CXX_LANGUAGE_STANDARD = "gnu++0x";
				CLANG_CXX_LIBRARY = "libc++";
				CLANG_ENABLE_MODULES = YES;
				CLANG_ENABLE_OBJC_ARC = YES;
				CLANG_WARN_BOOL_CONVERSION = YES;
				CLANG_WARN_CONSTANT_CONVERSION = YES;
				CLANG_WARN_DIRECT_OBJC_ISA_USAGE = YES_ERROR;
				CLANG_WARN_DOCUMENTATION_COMMENTS = YES;
				CLANG_WARN_EMPTY_BODY = YES;
				CLANG_WARN_ENUM_CONVERSION = YES;
				CLANG_WARN_INFINITE_RECURSION = YES;
				CLANG_WARN_INT_CONVERSION = YES;
				CLANG_WARN_OBJC_ROOT_CLASS = YES_ERROR;
				CLANG_WARN_SUSPICIOUS_MOVE = YES;
				CLANG_WARN_UNREACHABLE_CODE = YES;
				CLANG_WARN__DUPLICATE_METHOD_MATCH = YES;
				"CODE_SIGN_IDENTITY[sdk=iphoneos*]" = "iPhone Developer";
				COPY_PHASE_STRIP = NO;
				DEBUG_INFORMATION_FORMAT = dwarf;
				ENABLE_STRICT_OBJC_MSGSEND = YES;
				ENABLE_TESTABILITY = YES;
				GCC_C_LANGUAGE_STANDARD = gnu99;
				GCC_DYNAMIC_NO_PIC = NO;
				GCC_NO_COMMON_BLOCKS = YES;
				GCC_OPTIMIZATION_LEVEL = 0;
				GCC_PREPROCESSOR_DEFINITIONS = (
					"DEBUG=1",
					"$(inherited)",
				);
				GCC_WARN_64_TO_32_BIT_CONVERSION = YES;
				GCC_WARN_ABOUT_RETURN_TYPE = YES_ERROR;
				GCC_WARN_UNDECLARED_SELECTOR = YES;
				GCC_WARN_UNINITIALIZED_AUTOS = YES_AGGRESSIVE;
				GCC_WARN_UNUSED_FUNCTION = YES;
				GCC_WARN_UNUSED_VARIABLE = YES;
				IPHONEOS_DEPLOYMENT_TARGET = 10.3;
				MTL_ENABLE_DEBUG_INFO = YES;
				ONLY_ACTIVE_ARCH = YES;
				SDKROOT = iphoneos;
				TARGETED_DEVICE_FAMILY = "1,2";
			};
			name = Debug;
		};
		00E4129D1F1F7BBD00D20E0A /* Release */ = {
			isa = XCBuildConfiguration;
			buildSettings = {
				ALWAYS_SEARCH_USER_PATHS = NO;
				CLANG_ANALYZER_NONNULL = YES;
				CLANG_ANALYZER_NUMBER_OBJECT_CONVERSION = YES_AGGRESSIVE;
				CLANG_CXX_LANGUAGE_STANDARD = "gnu++0x";
				CLANG_CXX_LIBRARY = "libc++";
				CLANG_ENABLE_MODULES = YES;
				CLANG_ENABLE_OBJC_ARC = YES;
				CLANG_WARN_BOOL_CONVERSION = YES;
				CLANG_WARN_CONSTANT_CONVERSION = YES;
				CLANG_WARN_DIRECT_OBJC_ISA_USAGE = YES_ERROR;
				CLANG_WARN_DOCUMENTATION_COMMENTS = YES;
				CLANG_WARN_EMPTY_BODY = YES;
				CLANG_WARN_ENUM_CONVERSION = YES;
				CLANG_WARN_INFINITE_RECURSION = YES;
				CLANG_WARN_INT_CONVERSION = YES;
				CLANG_WARN_OBJC_ROOT_CLASS = YES_ERROR;
				CLANG_WARN_SUSPICIOUS_MOVE = YES;
				CLANG_WARN_UNREACHABLE_CODE = YES;
				CLANG_WARN__DUPLICATE_METHOD_MATCH = YES;
				"CODE_SIGN_IDENTITY[sdk=iphoneos*]" = "iPhone Developer";
				COPY_PHASE_STRIP = NO;
				DEBUG_INFORMATION_FORMAT = "dwarf-with-dsym";
				ENABLE_NS_ASSERTIONS = NO;
				ENABLE_STRICT_OBJC_MSGSEND = YES;
				GCC_C_LANGUAGE_STANDARD = gnu99;
				GCC_NO_COMMON_BLOCKS = YES;
				GCC_WARN_64_TO_32_BIT_CONVERSION = YES;
				GCC_WARN_ABOUT_RETURN_TYPE = YES_ERROR;
				GCC_WARN_UNDECLARED_SELECTOR = YES;
				GCC_WARN_UNINITIALIZED_AUTOS = YES_AGGRESSIVE;
				GCC_WARN_UNUSED_FUNCTION = YES;
				GCC_WARN_UNUSED_VARIABLE = YES;
				IPHONEOS_DEPLOYMENT_TARGET = 10.3;
				MTL_ENABLE_DEBUG_INFO = NO;
				SDKROOT = iphoneos;
				TARGETED_DEVICE_FAMILY = "1,2";
				VALIDATE_PRODUCT = YES;
			};
			name = Release;
		};
		00E4129F1F1F7BBD00D20E0A /* Debug */ = {
			isa = XCBuildConfiguration;
			baseConfigurationReference = B792CFE916300DF8E814596E /* Pods-HSArrowMenuDemo.debug.xcconfig */;
			buildSettings = {
				ASSETCATALOG_COMPILER_APPICON_NAME = AppIcon;
				INFOPLIST_FILE = HSArrowMenuDemo/Info.plist;
				LD_RUNPATH_SEARCH_PATHS = "$(inherited) @executable_path/Frameworks";
				PRODUCT_BUNDLE_IDENTIFIER = com.cc.HSArrowMenuDemo;
				PRODUCT_NAME = "$(TARGET_NAME)";
			};
			name = Debug;
		};
		00E412A01F1F7BBD00D20E0A /* Release */ = {
			isa = XCBuildConfiguration;
			baseConfigurationReference = E93C4C1FDB8D2990912A1EFB /* Pods-HSArrowMenuDemo.release.xcconfig */;
			buildSettings = {
				ASSETCATALOG_COMPILER_APPICON_NAME = AppIcon;
				INFOPLIST_FILE = HSArrowMenuDemo/Info.plist;
				LD_RUNPATH_SEARCH_PATHS = "$(inherited) @executable_path/Frameworks";
				PRODUCT_BUNDLE_IDENTIFIER = com.cc.HSArrowMenuDemo;
				PRODUCT_NAME = "$(TARGET_NAME)";
			};
			name = Release;
		};
/* End XCBuildConfiguration section */

/* Begin XCConfigurationList section */
		00E412821F1F7BBD00D20E0A /* Build configuration list for PBXProject "HSArrowMenuDemo" */ = {
			isa = XCConfigurationList;
			buildConfigurations = (
				00E4129C1F1F7BBD00D20E0A /* Debug */,
				00E4129D1F1F7BBD00D20E0A /* Release */,
			);
			defaultConfigurationIsVisible = 0;
			defaultConfigurationName = Release;
		};
		00E4129E1F1F7BBD00D20E0A /* Build configuration list for PBXNativeTarget "HSArrowMenuDemo" */ = {
			isa = XCConfigurationList;
			buildConfigurations = (
				00E4129F1F1F7BBD00D20E0A /* Debug */,
				00E412A01F1F7BBD00D20E0A /* Release */,
			);
			defaultConfigurationIsVisible = 0;
			defaultConfigurationName = Release;
		};
/* End XCConfigurationList section */
	};
	rootObject = 00E4127F1F1F7BBD00D20E0A /* Project object */;
}
